
Microsoft Visual Studio Solution File, Format Version 12.00
# Visual Studio 14
VisualStudioVersion = 14.0.25420.1
MinimumVisualStudioVersion = 10.0.40219.1
Project("{FAE04EC0-301F-11D3-BF4B-00C04F79EFBC}") = "Proveedores1", "Proveedores1\Proveedores1.csproj", "{68702801-635E-43FD-941F-C1288B5D95E5}"
EndProject
Project("{FAE04EC0-301F-11D3-BF4B-00C04F79EFBC}") = "Datos", "Datos\Datos.csproj", "{93C4E7C9-E82E-49B5-AF34-467B9D797623}"
EndProject
Global
	GlobalSection(SolutionConfigurationPlatforms) = preSolution
		Debug|Any CPU = Debug|Any CPU
		Release|Any CPU = Release|Any CPU
	EndGlobalSection
	GlobalSection(ProjectConfigurationPlatforms) = postSolution
		{68702801-635E-43FD-941F-C1288B5D95E5}.Debug|Any CPU.ActiveCfg = Debug|Any CPU
		{68702801-635E-43FD-941F-C1288B5D95E5}.Debug|Any CPU.Build.0 = Debug|Any CPU
		{68702801-635E-43FD-941F-C1288B5D95E5}.Release|Any CPU.ActiveCfg = Release|Any CPU
		{68702801-635E-43FD-941F-C1288B5D95E5}.Release|Any CPU.Build.0 = Release|Any CPU
		{93C4E7C9-E82E-49B5-AF34-467B9D797623}.Debug|Any CPU.ActiveCfg = Debug|Any CPU
		{93C4E7C9-E82E-49B5-AF34-467B9D797623}.Debug|Any CPU.Build.0 = Debug|Any CPU
		{93C4E7C9-E82E-49B5-AF34-467B9D797623}.Release|Any CPU.ActiveCfg = Release|Any CPU
		{93C4E7C9-E82E-49B5-AF34-467B9D797623}.Release|Any CPU.Build.0 = Release|Any CPU
	EndGlobalSection
	GlobalSection(SolutionProperties) = preSolution
		HideSolutionNode = FALSE
	EndGlobalSection
EndGlobal
